// !$*UTF8*$!
{
	archiveVersion = 1;
	classes = {
	};
	objectVersion = 77;
	objects = {

/* Begin PBXBuildFile section */
		AF09CAE32DDD24CC000C5BA3 /* DateScroller.swift in Sources */ = {isa = PBXBuildFile; fileRef = AF09CAE22DDD24CC000C5BA3 /* DateScroller.swift */; };
		AF4DA52A2DDBF2C9001B199E /* FloatingButton.swift in Sources */ = {isa = PBXBuildFile; fileRef = AF4DA5292DDBF2C9001B199E /* FloatingButton.swift */; };
		AF4DA5302DDBF341001B199E /* TaskEditView.swift in Sources */ = {isa = PBXBuildFile; fileRef = AF4DA52E2DDBF341001B199E /* TaskEditView.swift */; };
		AF4DA5332DDBFF82001B199E /* DateHolder.swift in Sources */ = {isa = PBXBuildFile; fileRef = AF4DA5322DDBFF82001B199E /* DateHolder.swift */; };
		AF5B5FA82DDEC84800C7554D /* TaskFilter.swift in Sources */ = {isa = PBXBuildFile; fileRef = AF5B5FA72DDEC84800C7554D /* TaskFilter.swift */; };
		AFB599442DDBEDB400ACDEBF /* TaskListView.swift in Sources */ = {isa = PBXBuildFile; fileRef = AFB5993E2DDBEDB400ACDEBF /* TaskListView.swift */; };
		AFB599452DDBEDB400ACDEBF /* Persistence.swift in Sources */ = {isa = PBXBuildFile; fileRef = AFB5993F2DDBEDB400ACDEBF /* Persistence.swift */; };
		AFB599462DDBEDB400ACDEBF /* ToDoList.xcdatamodeld in Sources */ = {isa = PBXBuildFile; fileRef = AFB599402DDBEDB400ACDEBF /* ToDoList.xcdatamodeld */; };
		AFB599472DDBEDB400ACDEBF /* ToDoListApp.swift in Sources */ = {isa = PBXBuildFile; fileRef = AFB599412DDBEDB400ACDEBF /* ToDoListApp.swift */; };
		AFB599482DDBEDB400ACDEBF /* Assets.xcassets in Resources */ = {isa = PBXBuildFile; fileRef = AFB5993D2DDBEDB400ACDEBF /* Assets.xcassets */; };
		AFED649F2DDC0C1A002B01D9 /* TaskCell.swift in Sources */ = {isa = PBXBuildFile; fileRef = AFED649E2DDC0C1A002B01D9 /* TaskCell.swift */; };
		AFED64A12DDC0DBB002B01D9 /* CheckBoxView.swift in Sources */ = {isa = PBXBuildFile; fileRef = AFED64A02DDC0DBB002B01D9 /* CheckBoxView.swift */; };
		AFED64A42DDC0EC8002B01D9 /* TaskItemExtension.swift in Sources */ = {isa = PBXBuildFile; fileRef = AFED64A32DDC0EC8002B01D9 /* TaskItemExtension.swift */; };
/* End PBXBuildFile section */

/* Begin PBXFileReference section */
		AF09CAE22DDD24CC000C5BA3 /* DateScroller.swift */ = {isa = PBXFileReference; lastKnownFileType = sourcecode.swift; path = DateScroller.swift; sourceTree = "<group>"; };
		AF4DA5292DDBF2C9001B199E /* FloatingButton.swift */ = {isa = PBXFileReference; lastKnownFileType = sourcecode.swift; path = FloatingButton.swift; sourceTree = "<group>"; };
		AF4DA52E2DDBF341001B199E /* TaskEditView.swift */ = {isa = PBXFileReference; lastKnownFileType = sourcecode.swift; path = TaskEditView.swift; sourceTree = "<group>"; };
		AF4DA5322DDBFF82001B199E /* DateHolder.swift */ = {isa = PBXFileReference; lastKnownFileType = sourcecode.swift; path = DateHolder.swift; sourceTree = "<group>"; };
		AF5B5FA72DDEC84800C7554D /* TaskFilter.swift */ = {isa = PBXFileReference; lastKnownFileType = sourcecode.swift; path = TaskFilter.swift; sourceTree = "<group>"; };
		AFB5992A2DDBEDAC00ACDEBF /* ToDoList.app */ = {isa = PBXFileReference; explicitFileType = wrapper.application; includeInIndex = 0; path = ToDoList.app; sourceTree = BUILT_PRODUCTS_DIR; };
		AFB5993D2DDBEDB400ACDEBF /* Assets.xcassets */ = {isa = PBXFileReference; lastKnownFileType = folder.assetcatalog; path = Assets.xcassets; sourceTree = "<group>"; };
		AFB5993E2DDBEDB400ACDEBF /* TaskListView.swift */ = {isa = PBXFileReference; lastKnownFileType = sourcecode.swift; path = TaskListView.swift; sourceTree = "<group>"; };
		AFB5993F2DDBEDB400ACDEBF /* Persistence.swift */ = {isa = PBXFileReference; lastKnownFileType = sourcecode.swift; path = Persistence.swift; sourceTree = "<group>"; };
		AFB599412DDBEDB400ACDEBF /* ToDoListApp.swift */ = {isa = PBXFileReference; lastKnownFileType = sourcecode.swift; path = ToDoListApp.swift; sourceTree = "<group>"; };
		AFB599432DDBEDB400ACDEBF /* ToDoList.xcdatamodel */ = {isa = PBXFileReference; lastKnownFileType = wrapper.xcdatamodel; path = ToDoList.xcdatamodel; sourceTree = "<group>"; };
		AFED649E2DDC0C1A002B01D9 /* TaskCell.swift */ = {isa = PBXFileReference; lastKnownFileType = sourcecode.swift; path = TaskCell.swift; sourceTree = "<group>"; };
		AFED64A02DDC0DBB002B01D9 /* CheckBoxView.swift */ = {isa = PBXFileReference; lastKnownFileType = sourcecode.swift; path = CheckBoxView.swift; sourceTree = "<group>"; };
		AFED64A32DDC0EC8002B01D9 /* TaskItemExtension.swift */ = {isa = PBXFileReference; lastKnownFileType = sourcecode.swift; path = TaskItemExtension.swift; sourceTree = "<group>"; };
/* End PBXFileReference section */

/* Begin PBXFrameworksBuildPhase section */
		AFB599272DDBEDAC00ACDEBF /* Frameworks */ = {
			isa = PBXFrameworksBuildPhase;
			buildActionMask = 2147483647;
			files = (
			);
			runOnlyForDeploymentPostprocessing = 0;
		};
/* End PBXFrameworksBuildPhase section */

/* Begin PBXGroup section */
		AF4DA52F2DDBF341001B199E /* Views */ = {
			isa = PBXGroup;
			children = (
				AF4DA52E2DDBF341001B199E /* TaskEditView.swift */,
				AFB5993E2DDBEDB400ACDEBF /* TaskListView.swift */,
				AF09CAE22DDD24CC000C5BA3 /* DateScroller.swift */,
				AFED649E2DDC0C1A002B01D9 /* TaskCell.swift */,
				AFED64A02DDC0DBB002B01D9 /* CheckBoxView.swift */,
				AF4DA5292DDBF2C9001B199E /* FloatingButton.swift */,
				AF5B5FA72DDEC84800C7554D /* TaskFilter.swift */,
			);
			path = Views;
			sourceTree = "<group>";
		};
		AF4DA5312DDBFF5B001B199E /* Shared */ = {
			isa = PBXGroup;
			children = (
				AFB599412DDBEDB400ACDEBF /* ToDoListApp.swift */,
				AF4DA5322DDBFF82001B199E /* DateHolder.swift */,
			);
			path = Shared;
			sourceTree = "<group>";
		};
		AFB599212DDBEDAC00ACDEBF = {
			isa = PBXGroup;
			children = (
				AFB599422DDBEDB400ACDEBF /* ToDoList */,
				AFB5992B2DDBEDAC00ACDEBF /* Products */,
			);
			sourceTree = "<group>";
		};
		AFB5992B2DDBEDAC00ACDEBF /* Products */ = {
			isa = PBXGroup;
			children = (
				AFB5992A2DDBEDAC00ACDEBF /* ToDoList.app */,
			);
			name = Products;
			sourceTree = "<group>";
		};
		AFB599422DDBEDB400ACDEBF /* ToDoList */ = {
			isa = PBXGroup;
			children = (
				AFED64A22DDC0EA9002B01D9 /* Model */,
				AF4DA5312DDBFF5B001B199E /* Shared */,
				AF4DA52F2DDBF341001B199E /* Views */,
				AFB5993F2DDBEDB400ACDEBF /* Persistence.swift */,
				AFB5993D2DDBEDB400ACDEBF /* Assets.xcassets */,
				AFB599402DDBEDB400ACDEBF /* ToDoList.xcdatamodeld */,
			);
			path = ToDoList;
			sourceTree = "<group>";
		};
		AFED64A22DDC0EA9002B01D9 /* Model */ = {
			isa = PBXGroup;
			children = (
				AFED64A32DDC0EC8002B01D9 /* TaskItemExtension.swift */,
			);
			path = Model;
			sourceTree = "<group>";
		};
/* End PBXGroup section */

/* Begin PBXNativeTarget section */
		AFB599292DDBEDAC00ACDEBF /* ToDoList */ = {
			isa = PBXNativeTarget;
			buildConfigurationList = AFB5993A2DDBEDAD00ACDEBF /* Build configuration list for PBXNativeTarget "ToDoList" */;
			buildPhases = (
				AFB599262DDBEDAC00ACDEBF /* Sources */,
				AFB599272DDBEDAC00ACDEBF /* Frameworks */,
				AFB599282DDBEDAC00ACDEBF /* Resources */,
			);
			buildRules = (
			);
			dependencies = (
			);
			name = ToDoList;
			packageProductDependencies = (
			);
			productName = ToDoList;
			productReference = AFB5992A2DDBEDAC00ACDEBF /* ToDoList.app */;
			productType = "com.apple.product-type.application";
		};
/* End PBXNativeTarget section */

/* Begin PBXProject section */
		AFB599222DDBEDAC00ACDEBF /* Project object */ = {
			isa = PBXProject;
			attributes = {
				BuildIndependentTargetsInParallel = 1;
				LastSwiftUpdateCheck = 1630;
				LastUpgradeCheck = 1630;
				TargetAttributes = {
					AFB599292DDBEDAC00ACDEBF = {
						CreatedOnToolsVersion = 16.3;
					};
				};
			};
			buildConfigurationList = AFB599252DDBEDAC00ACDEBF /* Build configuration list for PBXProject "ToDoList" */;
			developmentRegion = en;
			hasScannedForEncodings = 0;
			knownRegions = (
				en,
				Base,
			);
			mainGroup = AFB599212DDBEDAC00ACDEBF;
			minimizedProjectReferenceProxies = 1;
			preferredProjectObjectVersion = 77;
			productRefGroup = AFB5992B2DDBEDAC00ACDEBF /* Products */;
			projectDirPath = "";
			projectRoot = "";
			targets = (
				AFB599292DDBEDAC00ACDEBF /* ToDoList */,
			);
		};
/* End PBXProject section */

/* Begin PBXResourcesBuildPhase section */
		AFB599282DDBEDAC00ACDEBF /* Resources */ = {
			isa = PBXResourcesBuildPhase;
			buildActionMask = 2147483647;
			files = (
				AFB599482DDBEDB400ACDEBF /* Assets.xcassets in Resources */,
			);
			runOnlyForDeploymentPostprocessing = 0;
		};
/* End PBXResourcesBuildPhase section */

/* Begin PBXSourcesBuildPhase section */
		AFB599262DDBEDAC00ACDEBF /* Sources */ = {
			isa = PBXSourcesBuildPhase;
			buildActionMask = 2147483647;
			files = (
				AF4DA5332DDBFF82001B199E /* DateHolder.swift in Sources */,
				AFED64A42DDC0EC8002B01D9 /* TaskItemExtension.swift in Sources */,
				AFB599442DDBEDB400ACDEBF /* TaskListView.swift in Sources */,
				AFB599452DDBEDB400ACDEBF /* Persistence.swift in Sources */,
				AF5B5FA82DDEC84800C7554D /* TaskFilter.swift in Sources */,
				AF4DA52A2DDBF2C9001B199E /* FloatingButton.swift in Sources */,
				AFED64A12DDC0DBB002B01D9 /* CheckBoxView.swift in Sources */,
				AFED649F2DDC0C1A002B01D9 /* TaskCell.swift in Sources */,
				AF09CAE32DDD24CC000C5BA3 /* DateScroller.swift in Sources */,
				AF4DA5302DDBF341001B199E /* TaskEditView.swift in Sources */,
				AFB599462DDBEDB400ACDEBF /* ToDoList.xcdatamodeld in Sources */,
				AFB599472DDBEDB400ACDEBF /* ToDoListApp.swift in Sources */,
			);
			runOnlyForDeploymentPostprocessing = 0;
		};
/* End PBXSourcesBuildPhase section */

/* Begin XCBuildConfiguration section */
		AFB599382DDBEDAD00ACDEBF /* Debug */ = {
			isa = XCBuildConfiguration;
			buildSettings = {
				ALWAYS_SEARCH_USER_PATHS = NO;
				ASSETCATALOG_COMPILER_GENERATE_SWIFT_ASSET_SYMBOL_EXTENSIONS = YES;
				CLANG_ANALYZER_NONNULL = YES;
				CLANG_ANALYZER_NUMBER_OBJECT_CONVERSION = YES_AGGRESSIVE;
				CLANG_CXX_LANGUAGE_STANDARD = "gnu++20";
				CLANG_ENABLE_MODULES = YES;
				CLANG_ENABLE_OBJC_ARC = YES;
				CLANG_ENABLE_OBJC_WEAK = YES;
				CLANG_WARN_BLOCK_CAPTURE_AUTORELEASING = YES;
				CLANG_WARN_BOOL_CONVERSION = YES;
				CLANG_WARN_COMMA = YES;
				CLANG_WARN_CONSTANT_CONVERSION = YES;
				CLANG_WARN_DEPRECATED_OBJC_IMPLEMENTATIONS = YES;
				CLANG_WARN_DIRECT_OBJC_ISA_USAGE = YES_ERROR;
				CLANG_WARN_DOCUMENTATION_COMMENTS = YES;
				CLANG_WARN_EMPTY_BODY = YES;
				CLANG_WARN_ENUM_CONVERSION = YES;
				CLANG_WARN_INFINITE_RECURSION = YES;
				CLANG_WARN_INT_CONVERSION = YES;
				CLANG_WARN_NON_LITERAL_NULL_CONVERSION = YES;
				CLANG_WARN_OBJC_IMPLICIT_RETAIN_SELF = YES;
				CLANG_WARN_OBJC_LITERAL_CONVERSION = YES;
				CLANG_WARN_OBJC_ROOT_CLASS = YES_ERROR;
				CLANG_WARN_QUOTED_INCLUDE_IN_FRAMEWORK_HEADER = YES;
				CLANG_WARN_RANGE_LOOP_ANALYSIS = YES;
				CLANG_WARN_STRICT_PROTOTYPES = YES;
				CLANG_WARN_SUSPICIOUS_MOVE = YES;
				CLANG_WARN_UNGUARDED_AVAILABILITY = YES_AGGRESSIVE;
				CLANG_WARN_UNREACHABLE_CODE = YES;
				CLANG_WARN__DUPLICATE_METHOD_MATCH = YES;
				COPY_PHASE_STRIP = NO;
				DEBUG_INFORMATION_FORMAT = dwarf;
				DEVELOPMENT_TEAM = H3759FD2PB;
				ENABLE_STRICT_OBJC_MSGSEND = YES;
				ENABLE_TESTABILITY = YES;
				ENABLE_USER_SCRIPT_SANDBOXING = YES;
				GCC_C_LANGUAGE_STANDARD = gnu17;
				GCC_DYNAMIC_NO_PIC = NO;
				GCC_NO_COMMON_BLOCKS = YES;
				GCC_OPTIMIZATION_LEVEL = 0;
				GCC_PREPROCESSOR_DEFINITIONS = (
					"DEBUG=1",
					"$(inherited)",
				);
				GCC_WARN_64_TO_32_BIT_CONVERSION = YES;
				GCC_WARN_ABOUT_RETURN_TYPE = YES_ERROR;
				GCC_WARN_UNDECLARED_SELECTOR = YES;
				GCC_WARN_UNINITIALIZED_AUTOS = YES_AGGRESSIVE;
				GCC_WARN_UNUSED_FUNCTION = YES;
				GCC_WARN_UNUSED_VARIABLE = YES;
				IPHONEOS_DEPLOYMENT_TARGET = 18.4;
				LOCALIZATION_PREFERS_STRING_CATALOGS = YES;
				MTL_ENABLE_DEBUG_INFO = INCLUDE_SOURCE;
				MTL_FAST_MATH = YES;
				ONLY_ACTIVE_ARCH = YES;
				SDKROOT = iphoneos;
				SWIFT_ACTIVE_COMPILATION_CONDITIONS = "DEBUG $(inherited)";
				SWIFT_OPTIMIZATION_LEVEL = "-Onone";
			};
			name = Debug;
		};
		AFB599392DDBEDAD00ACDEBF /* Release */ = {
			isa = XCBuildConfiguration;
			buildSettings = {
				ALWAYS_SEARCH_USER_PATHS = NO;
				ASSETCATALOG_COMPILER_GENERATE_SWIFT_ASSET_SYMBOL_EXTENSIONS = YES;
				CLANG_ANALYZER_NONNULL = YES;
				CLANG_ANALYZER_NUMBER_OBJECT_CONVERSION = YES_AGGRESSIVE;
				CLANG_CXX_LANGUAGE_STANDARD = "gnu++20";
				CLANG_ENABLE_MODULES = YES;
				CLANG_ENABLE_OBJC_ARC = YES;
				CLANG_ENABLE_OBJC_WEAK = YES;
				CLANG_WARN_BLOCK_CAPTURE_AUTORELEASING = YES;
				CLANG_WARN_BOOL_CONVERSION = YES;
				CLANG_WARN_COMMA = YES;
				CLANG_WARN_CONSTANT_CONVERSION = YES;
				CLANG_WARN_DEPRECATED_OBJC_IMPLEMENTATIONS = YES;
				CLANG_WARN_DIRECT_OBJC_ISA_USAGE = YES_ERROR;
				CLANG_WARN_DOCUMENTATION_COMMENTS = YES;
				CLANG_WARN_EMPTY_BODY = YES;
				CLANG_WARN_ENUM_CONVERSION = YES;
				CLANG_WARN_INFINITE_RECURSION = YES;
				CLANG_WARN_INT_CONVERSION = YES;
				CLANG_WARN_NON_LITERAL_NULL_CONVERSION = YES;
				CLANG_WARN_OBJC_IMPLICIT_RETAIN_SELF = YES;
				CLANG_WARN_OBJC_LITERAL_CONVERSION = YES;
				CLANG_WARN_OBJC_ROOT_CLASS = YES_ERROR;
				CLANG_WARN_QUOTED_INCLUDE_IN_FRAMEWORK_HEADER = YES;
				CLANG_WARN_RANGE_LOOP_ANALYSIS = YES;
				CLANG_WARN_STRICT_PROTOTYPES = YES;
				CLANG_WARN_SUSPICIOUS_MOVE = YES;
				CLANG_WARN_UNGUARDED_AVAILABILITY = YES_AGGRESSIVE;
				CLANG_WARN_UNREACHABLE_CODE = YES;
				CLANG_WARN__DUPLICATE_METHOD_MATCH = YES;
				COPY_PHASE_STRIP = NO;
				DEBUG_INFORMATION_FORMAT = "dwarf-with-dsym";
				DEVELOPMENT_TEAM = H3759FD2PB;
				ENABLE_NS_ASSERTIONS = NO;
				ENABLE_STRICT_OBJC_MSGSEND = YES;
				ENABLE_USER_SCRIPT_SANDBOXING = YES;
				GCC_C_LANGUAGE_STANDARD = gnu17;
				GCC_NO_COMMON_BLOCKS = YES;
				GCC_WARN_64_TO_32_BIT_CONVERSION = YES;
				GCC_WARN_ABOUT_RETURN_TYPE = YES_ERROR;
				GCC_WARN_UNDECLARED_SELECTOR = YES;
				GCC_WARN_UNINITIALIZED_AUTOS = YES_AGGRESSIVE;
				GCC_WARN_UNUSED_FUNCTION = YES;
				GCC_WARN_UNUSED_VARIABLE = YES;
				IPHONEOS_DEPLOYMENT_TARGET = 18.4;
				LOCALIZATION_PREFERS_STRING_CATALOGS = YES;
				MTL_ENABLE_DEBUG_INFO = NO;
				MTL_FAST_MATH = YES;
				SDKROOT = iphoneos;
				SWIFT_COMPILATION_MODE = wholemodule;
				VALIDATE_PRODUCT = YES;
			};
			name = Release;
		};
		AFB5993B2DDBEDAD00ACDEBF /* Debug */ = {
			isa = XCBuildConfiguration;
			buildSettings = {
				ASSETCATALOG_COMPILER_APPICON_NAME = AppIcon;
				ASSETCATALOG_COMPILER_GLOBAL_ACCENT_COLOR_NAME = AccentColor;
				CODE_SIGN_STYLE = Automatic;
				CURRENT_PROJECT_VERSION = 1;
				DEVELOPMENT_TEAM = H3759FD2PB;
				ENABLE_PREVIEWS = YES;
				GENERATE_INFOPLIST_FILE = YES;
				INFOPLIST_KEY_UIApplicationSceneManifest_Generation = YES;
				INFOPLIST_KEY_UIApplicationSupportsIndirectInputEvents = YES;
				INFOPLIST_KEY_UILaunchScreen_Generation = YES;
				INFOPLIST_KEY_UISupportedInterfaceOrientations_iPad = "UIInterfaceOrientationPortrait UIInterfaceOrientationPortraitUpsideDown UIInterfaceOrientationLandscapeLeft UIInterfaceOrientationLandscapeRight";
				INFOPLIST_KEY_UISupportedInterfaceOrientations_iPhone = "UIInterfaceOrientationPortrait UIInterfaceOrientationLandscapeLeft UIInterfaceOrientationLandscapeRight";
				LD_RUNPATH_SEARCH_PATHS = (
					"$(inherited)",
					"@executable_path/Frameworks",
				);
				MARKETING_VERSION = 1.0;
				PRODUCT_BUNDLE_IDENTIFIER = com.rhainan.Study;
				PRODUCT_NAME = "$(TARGET_NAME)";
				SUPPORTED_PLATFORMS = "iphoneos iphonesimulator";
				SUPPORTS_MACCATALYST = NO;
				SUPPORTS_MAC_DESIGNED_FOR_IPHONE_IPAD = NO;
				SUPPORTS_XR_DESIGNED_FOR_IPHONE_IPAD = NO;
				SWIFT_EMIT_LOC_STRINGS = YES;
				SWIFT_VERSION = 5.0;
				TARGETED_DEVICE_FAMILY = 1;
			};
			name = Debug;
		};
		AFB5993C2DDBEDAD00ACDEBF /* Release */ = {
			isa = XCBuildConfiguration;
			buildSettings = {
				ASSETCATALOG_COMPILER_APPICON_NAME = AppIcon;
				ASSETCATALOG_COMPILER_GLOBAL_ACCENT_COLOR_NAME = AccentColor;
				CODE_SIGN_STYLE = Automatic;
				CURRENT_PROJECT_VERSION = 1;
				DEVELOPMENT_TEAM = H3759FD2PB;
				ENABLE_PREVIEWS = YES;
				GENERATE_INFOPLIST_FILE = YES;
				INFOPLIST_KEY_UIApplicationSceneManifest_Generation = YES;
				INFOPLIST_KEY_UIApplicationSupportsIndirectInputEvents = YES;
				INFOPLIST_KEY_UILaunchScreen_Generation = YES;
				INFOPLIST_KEY_UISupportedInterfaceOrientations_iPad = "UIInterfaceOrientationPortrait UIInterfaceOrientationPortraitUpsideDown UIInterfaceOrientationLandscapeLeft UIInterfaceOrientationLandscapeRight";
				INFOPLIST_KEY_UISupportedInterfaceOrientations_iPhone = "UIInterfaceOrientationPortrait UIInterfaceOrientationLandscapeLeft UIInterfaceOrientationLandscapeRight";
				LD_RUNPATH_SEARCH_PATHS = (
					"$(inherited)",
					"@executable_path/Frameworks",
				);
				MARKETING_VERSION = 1.0;
				PRODUCT_BUNDLE_IDENTIFIER = com.rhainan.Study;
				PRODUCT_NAME = "$(TARGET_NAME)";
				SUPPORTED_PLATFORMS = "iphoneos iphonesimulator";
				SUPPORTS_MACCATALYST = NO;
				SUPPORTS_MAC_DESIGNED_FOR_IPHONE_IPAD = NO;
				SUPPORTS_XR_DESIGNED_FOR_IPHONE_IPAD = NO;
				SWIFT_EMIT_LOC_STRINGS = YES;
				SWIFT_VERSION = 5.0;
				TARGETED_DEVICE_FAMILY = 1;
			};
			name = Release;
		};
/* End XCBuildConfiguration section */

/* Begin XCConfigurationList section */
		AFB599252DDBEDAC00ACDEBF /* Build configuration list for PBXProject "ToDoList" */ = {
			isa = XCConfigurationList;
			buildConfigurations = (
				AFB599382DDBEDAD00ACDEBF /* Debug */,
				AFB599392DDBEDAD00ACDEBF /* Release */,
			);
			defaultConfigurationIsVisible = 0;
			defaultConfigurationName = Release;
		};
		AFB5993A2DDBEDAD00ACDEBF /* Build configuration list for PBXNativeTarget "ToDoList" */ = {
			isa = XCConfigurationList;
			buildConfigurations = (
				AFB5993B2DDBEDAD00ACDEBF /* Debug */,
				AFB5993C2DDBEDAD00ACDEBF /* Release */,
			);
			defaultConfigurationIsVisible = 0;
			defaultConfigurationName = Release;
		};
/* End XCConfigurationList section */

/* Begin XCVersionGroup section */
		AFB599402DDBEDB400ACDEBF /* ToDoList.xcdatamodeld */ = {
			isa = XCVersionGroup;
			children = (
				AFB599432DDBEDB400ACDEBF /* ToDoList.xcdatamodel */,
			);
			currentVersion = AFB599432DDBEDB400ACDEBF /* ToDoList.xcdatamodel */;
			path = ToDoList.xcdatamodeld;
			sourceTree = "<group>";
			versionGroupType = wrapper.xcdatamodel;
		};
/* End XCVersionGroup section */
	};
	rootObject = AFB599222DDBEDAC00ACDEBF /* Project object */;
}
